<?xml version="1.0" encoding="utf-8"?>
<Project ToolsVersion="4.0" xmlns="http://schemas.microsoft.com/developer/msbuild/2003">
  <ItemGroup>
    <Filter Include="Source Files">
      <UniqueIdentifier>{2d6bd2b5-01e8-48a9-8a81-c485503f4673}</UniqueIdentifier>
    </Filter>
    <Filter Include="bzip2 1.0.5 Header Files">
      <UniqueIdentifier>{4cadcafa-c651-423e-9738-e489d629f760}</UniqueIdentifier>
    </Filter>
    <Filter Include="bzip2 1.0.5 Source Files">
      <UniqueIdentifier>{151d0ad2-1730-4534-a20f-d17f55fc2e3d}</UniqueIdentifier>
    </Filter>
  </ItemGroup>
  <ItemGroup>
    <ClCompile Include="..\Modules\bz2module.c">
      <Filter>Source Files</Filter>
    </ClCompile>
    <ClCompile Include="$(bz2Dir)\blocksort.c">
      <Filter>bzip2 1.0.5 Source Files</Filter>
    </ClCompile>
    <ClCompile Include="$(bz2Dir)\bzlib.c">
      <Filter>bzip2 1.0.5 Source Files</Filter>
    </ClCompile>
    <ClCompile Include="$(bz2Dir)\compress.c">
      <Filter>bzip2 1.0.5 Source Files</Filter>
    </ClCompile>
    <ClCompile Include="$(bz2Dir)\crctable.c">
      <Filter>bzip2 1.0.5 Source Files</Filter>
    </ClCompile>
    <ClCompile Include="$(bz2Dir)\decompress.c">
      <Filter>bzip2 1.0.5 Source Files</Filter>
    </ClCompile>
    <ClCompile Include="$(bz2Dir)\huffman.c">
      <Filter>bzip2 1.0.5 Source Files</Filter>
    </ClCompile>
    <ClCompile Include="$(bz2Dir)\randtable.c">
      <Filter>bzip2 1.0.5 Source Files</Filter>
    </ClCompile>
  </ItemGroup>
  <ItemGroup>
    <ClInclude Include="$(bz2Dir)\bzlib.h">
      <Filter>bzip2 1.0.5 Header Files</Filter>
    </ClInclude>
    <ClInclude Include="$(bz2Dir)\bzlib_private.h">
      <Filter>bzip2 1.0.5 Header Files</Filter>
    </ClInclude>
  </ItemGroup>
</Project>