<?xml version="1.0" encoding="utf-8"?>
<Project ToolsVersion="4.0" xmlns="http://schemas.microsoft.com/developer/msbuild/2003">
  <ItemGroup>
    <Filter Include="Source Files">
      <UniqueIdentifier>{749cfd6b-25d1-486c-9b39-70dfcbb4ff10}</UniqueIdentifier>
    </Filter>
  </ItemGroup>
  <ItemGroup>
    <ClCompile Include="kill_python.c">
      <Filter>Source Files</Filter>
    </ClCompile>
  </ItemGroup>
</Project>