<?xml version="1.0" encoding="utf-8"?>
<Project ToolsVersion="4.0" xmlns="http://schemas.microsoft.com/developer/msbuild/2003">
  <ItemGroup>
    <Filter Include="Source Files">
      <UniqueIdentifier>{8a5d831a-b21e-4dd3-98a1-f6761cf4ab55}</UniqueIdentifier>
    </Filter>
  </ItemGroup>
  <ItemGroup>
    <ClCompile Include="..\PC\w9xpopen.c">
      <Filter>Source Files</Filter>
    </ClCompile>
  </ItemGroup>
</Project>