<?xml version="1.0" encoding="utf-8"?>
<Project ToolsVersion="4.0" xmlns="http://schemas.microsoft.com/developer/msbuild/2003">
  <ItemGroup>
    <Filter Include="Source Files">
      <UniqueIdentifier>{cadb1dc4-3304-4dbd-b644-e1ec8830d43b}</UniqueIdentifier>
    </Filter>
  </ItemGroup>
  <ItemGroup>
    <ClCompile Include="..\PC\w9xpopen.c">
      <Filter>Source Files</Filter>
    </ClCompile>
  </ItemGroup>
</Project>