<?xml version="1.0" encoding="utf-8"?>
<Project ToolsVersion="4.0" xmlns="http://schemas.microsoft.com/developer/msbuild/2003">
  <ItemGroup>
    <Filter Include="Source Files">
      <UniqueIdentifier>{daa7f05e-6566-491a-b8a6-68c75c4f7a1b}</UniqueIdentifier>
    </Filter>
  </ItemGroup>
  <ItemGroup>
    <ClCompile Include="..\Modules\xxlimited.c">
      <Filter>Source Files</Filter>
    </ClCompile>
  </ItemGroup>
</Project>